
Microsoft Visual Studio Solution File, Format Version 12.00
# Visual Studio Version 16
VisualStudioVersion = 16.0.29020.237
MinimumVisualStudioVersion = 10.0.40219.1
Project("{9A19103F-16F7-4668-BE54-9A1E7A4F7556}") = "Misaka", "src\Misaka\Misaka.csproj", "{86EAA572-A78E-4E6D-8D10-85E26E41E0D0}"
EndProject
Project("{2150E333-8FDC-42A3-9474-1A3956D46DE8}") = "Extensions", "Extensions", "{16E7EA15-53C7-436F-AD97-FE0E68CE3F94}"
EndProject
Project("{FAE04EC0-301F-11D3-BF4B-00C04F79EFBC}") = "Misaka.DependencyInject.Autofac", "Misaka.DependencyInject.Autofac\Misaka.DependencyInject.Autofac.csproj", "{09B10D24-7672-414E-82EC-5889FC870990}"
EndProject
Global
	GlobalSection(SolutionConfigurationPlatforms) = preSolution
		Debug|Any CPU = Debug|Any CPU
		Release|Any CPU = Release|Any CPU
	EndGlobalSection
	GlobalSection(ProjectConfigurationPlatforms) = postSolution
		{86EAA572-A78E-4E6D-8D10-85E26E41E0D0}.Debug|Any CPU.ActiveCfg = Debug|Any CPU
		{86EAA572-A78E-4E6D-8D10-85E26E41E0D0}.Debug|Any CPU.Build.0 = Debug|Any CPU
		{86EAA572-A78E-4E6D-8D10-85E26E41E0D0}.Release|Any CPU.ActiveCfg = Release|Any CPU
		{86EAA572-A78E-4E6D-8D10-85E26E41E0D0}.Release|Any CPU.Build.0 = Release|Any CPU
		{09B10D24-7672-414E-82EC-5889FC870990}.Debug|Any CPU.ActiveCfg = Debug|Any CPU
		{09B10D24-7672-414E-82EC-5889FC870990}.Debug|Any CPU.Build.0 = Debug|Any CPU
		{09B10D24-7672-414E-82EC-5889FC870990}.Release|Any CPU.ActiveCfg = Release|Any CPU
		{09B10D24-7672-414E-82EC-5889FC870990}.Release|Any CPU.Build.0 = Release|Any CPU
	EndGlobalSection
	GlobalSection(SolutionProperties) = preSolution
		HideSolutionNode = FALSE
	EndGlobalSection
	GlobalSection(NestedProjects) = preSolution
		{09B10D24-7672-414E-82EC-5889FC870990} = {16E7EA15-53C7-436F-AD97-FE0E68CE3F94}
	EndGlobalSection
	GlobalSection(ExtensibilityGlobals) = postSolution
		SolutionGuid = {CC0FDE98-1713-4C86-B12F-7A585EE9E496}
	EndGlobalSection
EndGlobal
