
Microsoft Visual Studio Solution File, Format Version 12.00
# Visual Studio Version 16
VisualStudioVersion = 16.0.29020.237
MinimumVisualStudioVersion = 10.0.40219.1
Project("{9A19103F-16F7-4668-BE54-9A1E7A4F7556}") = "Misaka", "src\Misaka\Misaka.csproj", "{86EAA572-A78E-4E6D-8D10-85E26E41E0D0}"
EndProject
Project("{2150E333-8FDC-42A3-9474-1A3956D46DE8}") = "Extensions", "Extensions", "{16E7EA15-53C7-436F-AD97-FE0E68CE3F94}"
EndProject
Project("{9A19103F-16F7-4668-BE54-9A1E7A4F7556}") = "Misaka.DependencyInject.Autofac", "src\Misaka.Extensions\Misaka.DependencyInject.Autofac\Misaka.DependencyInject.Autofac.csproj", "{1EA99FD7-6388-4043-A9FA-1E0AABA6EF2A}"
EndProject
Project("{2150E333-8FDC-42A3-9474-1A3956D46DE8}") = "Sample", "Sample", "{02FAEA41-A52F-4781-992B-8DCE5DA4D10C}"
EndProject
Project("{9A19103F-16F7-4668-BE54-9A1E7A4F7556}") = "Misaka.Sample.Web", "sample\Misaka.Sample.Web\Misaka.Sample.Web.csproj", "{9D1D163D-1CD0-4A2C-BB9B-677077AA55BD}"
EndProject
Project("{FAE04EC0-301F-11D3-BF4B-00C04F79EFBC}") = "Misaka.MessageQueue.InMemory", "src\Misaka.Extensions\Misaka.MessageQueue.InMemory\Misaka.MessageQueue.InMemory.csproj", "{D905B487-5ED5-4BEB-8BD8-0AA1B08FA9F7}"
EndProject
Global
	GlobalSection(SolutionConfigurationPlatforms) = preSolution
		Debug|Any CPU = Debug|Any CPU
		Release|Any CPU = Release|Any CPU
	EndGlobalSection
	GlobalSection(ProjectConfigurationPlatforms) = postSolution
		{86EAA572-A78E-4E6D-8D10-85E26E41E0D0}.Debug|Any CPU.ActiveCfg = Debug|Any CPU
		{86EAA572-A78E-4E6D-8D10-85E26E41E0D0}.Debug|Any CPU.Build.0 = Debug|Any CPU
		{86EAA572-A78E-4E6D-8D10-85E26E41E0D0}.Release|Any CPU.ActiveCfg = Release|Any CPU
		{86EAA572-A78E-4E6D-8D10-85E26E41E0D0}.Release|Any CPU.Build.0 = Release|Any CPU
		{1EA99FD7-6388-4043-A9FA-1E0AABA6EF2A}.Debug|Any CPU.ActiveCfg = Debug|Any CPU
		{1EA99FD7-6388-4043-A9FA-1E0AABA6EF2A}.Debug|Any CPU.Build.0 = Debug|Any CPU
		{1EA99FD7-6388-4043-A9FA-1E0AABA6EF2A}.Release|Any CPU.ActiveCfg = Release|Any CPU
		{1EA99FD7-6388-4043-A9FA-1E0AABA6EF2A}.Release|Any CPU.Build.0 = Release|Any CPU
		{9D1D163D-1CD0-4A2C-BB9B-677077AA55BD}.Debug|Any CPU.ActiveCfg = Debug|Any CPU
		{9D1D163D-1CD0-4A2C-BB9B-677077AA55BD}.Debug|Any CPU.Build.0 = Debug|Any CPU
		{9D1D163D-1CD0-4A2C-BB9B-677077AA55BD}.Release|Any CPU.ActiveCfg = Release|Any CPU
		{9D1D163D-1CD0-4A2C-BB9B-677077AA55BD}.Release|Any CPU.Build.0 = Release|Any CPU
		{D905B487-5ED5-4BEB-8BD8-0AA1B08FA9F7}.Debug|Any CPU.ActiveCfg = Debug|Any CPU
		{D905B487-5ED5-4BEB-8BD8-0AA1B08FA9F7}.Debug|Any CPU.Build.0 = Debug|Any CPU
		{D905B487-5ED5-4BEB-8BD8-0AA1B08FA9F7}.Release|Any CPU.ActiveCfg = Release|Any CPU
		{D905B487-5ED5-4BEB-8BD8-0AA1B08FA9F7}.Release|Any CPU.Build.0 = Release|Any CPU
	EndGlobalSection
	GlobalSection(SolutionProperties) = preSolution
		HideSolutionNode = FALSE
	EndGlobalSection
	GlobalSection(NestedProjects) = preSolution
		{1EA99FD7-6388-4043-A9FA-1E0AABA6EF2A} = {16E7EA15-53C7-436F-AD97-FE0E68CE3F94}
		{9D1D163D-1CD0-4A2C-BB9B-677077AA55BD} = {02FAEA41-A52F-4781-992B-8DCE5DA4D10C}
		{D905B487-5ED5-4BEB-8BD8-0AA1B08FA9F7} = {16E7EA15-53C7-436F-AD97-FE0E68CE3F94}
	EndGlobalSection
	GlobalSection(ExtensibilityGlobals) = postSolution
		SolutionGuid = {CC0FDE98-1713-4C86-B12F-7A585EE9E496}
	EndGlobalSection
EndGlobal
