
Microsoft Visual Studio Solution File, Format Version 12.00
# Visual Studio Version 16
VisualStudioVersion = 16.0.29020.237
MinimumVisualStudioVersion = 10.0.40219.1
Project("{FAE04EC0-301F-11D3-BF4B-00C04F79EFBC}") = "Misaka", "src\Misaka\Misaka.csproj", "{86EAA572-A78E-4E6D-8D10-85E26E41E0D0}"
EndProject
Global
	GlobalSection(SolutionConfigurationPlatforms) = preSolution
		Debug|Any CPU = Debug|Any CPU
		Release|Any CPU = Release|Any CPU
	EndGlobalSection
	GlobalSection(ProjectConfigurationPlatforms) = postSolution
		{86EAA572-A78E-4E6D-8D10-85E26E41E0D0}.Debug|Any CPU.ActiveCfg = Debug|Any CPU
		{86EAA572-A78E-4E6D-8D10-85E26E41E0D0}.Debug|Any CPU.Build.0 = Debug|Any CPU
		{86EAA572-A78E-4E6D-8D10-85E26E41E0D0}.Release|Any CPU.ActiveCfg = Release|Any CPU
		{86EAA572-A78E-4E6D-8D10-85E26E41E0D0}.Release|Any CPU.Build.0 = Release|Any CPU
	EndGlobalSection
	GlobalSection(SolutionProperties) = preSolution
		HideSolutionNode = FALSE
	EndGlobalSection
	GlobalSection(ExtensibilityGlobals) = postSolution
		SolutionGuid = {CC0FDE98-1713-4C86-B12F-7A585EE9E496}
	EndGlobalSection
EndGlobal
